{
    "_readme": [
        "This file locks the dependencies of your project to a known state",
        "Read more about it at https://getcomposer.org/doc/01-basic-usage.md#installing-dependencies",
        "This file is @generated automatically"
    ],
    "content-hash": "dbf5c0f006f0e4487e8cdae93da5da58",
    "packages": [
        {
            "name": "payfast/payfast-common",
            "version": "v1.1.0",
            "source": {
                "type": "git",
                "url": "https://github.com/Payfast/payfast-common.git",
                "reference": "7458222d53da34ed9303dc097e6df500ba4ede17"
            },
            "dist": {
                "type": "zip",
                "url": "https://api.github.com/repos/Payfast/payfast-common/zipball/7458222d53da34ed9303dc097e6df500ba4ede17",
                "reference": "7458222d53da34ed9303dc097e6df500ba4ede17",
                "shasum": ""
            },
            "require": {
                "php": "^8.0"
            },
            "type": "library",
            "autoload": {
                "psr-4": {
                    "Payfast\\PayfastCommon\\": "src/"
                }
            },
            "notification-url": "https://packagist.org/downloads/",
            "license": [
                "GPL-3.0"
            ],
            "authors": [
                {
                    "name": "App Inlet (Pty) Ltd",
                    "email": "info@appinlet.com"
                }
            ],
            "description": "Payfast common class for modules.",
            "homepage": "https://github.com/PayFast/payfast-common",
            "support": {
                "issues": "https://github.com/Payfast/payfast-common/issues",
                "source": "https://github.com/Payfast/payfast-common/tree/v1.1.0"
            },
            "time": "2024-06-07T02:30:19+00:00"
        }
    ],
    "packages-dev": [],
    "aliases": [],
    "minimum-stability": "stable",
    "stability-flags": [],
    "prefer-stable": false,
    "prefer-lowest": false,
    "platform": [],
    "platform-dev": [],
    "plugin-api-version": "2.2.0"
}
